{
  "version": 4,
  "terraform_version": "1.7.2",
  "serial": 3,
  "lineage": "c975417a-526f-6e15-f1b9-a62914ea2972",
  "outputs": {
    "pokus_projects": {
      "value": {
        "projects": [
          {
            "description": "DEMO CEDRIC a first example project to test creating a project with OpenTOFU the terraformation king. It also has been updated using the OpenTOFU King. A third test updating a project, to test if [stringplanmodifier.UseStateForUnknown()] works.",
            "git_service_provider": "giteaJapan",
            "git_ssh_uri": "git@github.com:3forges/godzillaDemoCedric.git",
            "id": "66b258e159754b6bcd2c8485",
            "name": "godzillaDemoCedric"
          },
          {
            "description": "DEMO CEDRIC a second example project to test creating a project with OpenTOFU the terraformation king. It also has been updated using the OpenTOFU King. A fourth test updating a project, to test if [stringplanmodifier.UseStateForUnknown()] works.",
            "git_service_provider": "giteaJapan",
            "git_ssh_uri": "git@github.com:3forges/mothra.git",
            "id": "66b258e159754b6bcd2c8487",
            "name": "mothraDemoCedric"
          },
          {
            "description": "DEMO CEDRIC a third example project to test creating a project with OpenTOFU the terraformation king",
            "git_service_provider": "giteaJapan",
            "git_ssh_uri": "git@github.com:3forges/gidhora.git",
            "id": "66b258e159754b6bcd2c8489",
            "name": "gidhoraDemoCedric"
          }
        ]
      },
      "type": [
        "object",
        {
          "projects": [
            "list",
            [
              "object",
              {
                "description": "string",
                "git_service_provider": "string",
                "git_ssh_uri": "string",
                "id": "string",
                "name": "string"
              }
            ]
          ]
        }
      ]
    }
  },
  "resources": [
    {
      "mode": "data",
      "type": "pokus_projects",
      "name": "example2",
      "provider": "provider[\"pokus-io.io/terraform/pokus\"]",
      "instances": [
        {
          "schema_version": 0,
          "attributes": {
            "projects": [
              {
                "description": "DEMO CEDRIC a first example project to test creating a project with OpenTOFU the terraformation king. It also has been updated using the OpenTOFU King. A third test updating a project, to test if [stringplanmodifier.UseStateForUnknown()] works.",
                "git_service_provider": "giteaJapan",
                "git_ssh_uri": "git@github.com:3forges/godzillaDemoCedric.git",
                "id": "66b258e159754b6bcd2c8485",
                "name": "godzillaDemoCedric"
              },
              {
                "description": "DEMO CEDRIC a second example project to test creating a project with OpenTOFU the terraformation king. It also has been updated using the OpenTOFU King. A fourth test updating a project, to test if [stringplanmodifier.UseStateForUnknown()] works.",
                "git_service_provider": "giteaJapan",
                "git_ssh_uri": "git@github.com:3forges/mothra.git",
                "id": "66b258e159754b6bcd2c8487",
                "name": "mothraDemoCedric"
              },
              {
                "description": "DEMO CEDRIC a third example project to test creating a project with OpenTOFU the terraformation king",
                "git_service_provider": "giteaJapan",
                "git_ssh_uri": "git@github.com:3forges/gidhora.git",
                "id": "66b258e159754b6bcd2c8489",
                "name": "gidhoraDemoCedric"
              }
            ]
          },
          "sensitive_attributes": []
        }
      ]
    },
    {
      "mode": "managed",
      "type": "pokus_project",
      "name": "gidhora_project",
      "provider": "provider[\"pokus-io.io/terraform/pokus\"]",
      "instances": [
        {
          "schema_version": 0,
          "attributes": {
            "description": "DEMO CEDRIC a third example project to test creating a project with OpenTOFU the terraformation king",
            "git_service_provider": "giteaJapan",
            "git_ssh_uri": "git@github.com:3forges/gidhora.git",
            "id": "66b258e159754b6bcd2c8489",
            "last_updated": "Tuesday, 06-Aug-24 19:09:53 CEST",
            "name": "gidhoraDemoCedric"
          },
          "sensitive_attributes": []
        }
      ]
    },
    {
      "mode": "managed",
      "type": "pokus_project",
      "name": "godzilla_project",
      "provider": "provider[\"pokus-io.io/terraform/pokus\"]",
      "instances": [
        {
          "schema_version": 0,
          "attributes": {
            "description": "DEMO CEDRIC a first example project to test creating a project with OpenTOFU the terraformation king. It also has been updated using the OpenTOFU King. A third test updating a project, to test if [stringplanmodifier.UseStateForUnknown()] works.",
            "git_service_provider": "giteaJapan",
            "git_ssh_uri": "git@github.com:3forges/godzillaDemoCedric.git",
            "id": "66b258e159754b6bcd2c8485",
            "last_updated": "Tuesday, 06-Aug-24 19:09:53 CEST",
            "name": "godzillaDemoCedric"
          },
          "sensitive_attributes": []
        }
      ]
    },
    {
      "mode": "managed",
      "type": "pokus_project",
      "name": "mothra_project",
      "provider": "provider[\"pokus-io.io/terraform/pokus\"]",
      "instances": [
        {
          "schema_version": 0,
          "attributes": {
            "description": "DEMO CEDRIC a second example project to test creating a project with OpenTOFU the terraformation king. It also has been updated using the OpenTOFU King. A fourth test updating a project, to test if [stringplanmodifier.UseStateForUnknown()] works.",
            "git_service_provider": "giteaJapan",
            "git_ssh_uri": "git@github.com:3forges/mothra.git",
            "id": "66b258e159754b6bcd2c8487",
            "last_updated": "Tuesday, 06-Aug-24 19:09:53 CEST",
            "name": "mothraDemoCedric"
          },
          "sensitive_attributes": []
        }
      ]
    }
  ],
  "check_results": null
}
